
Microsoft Visual Studio Solution File, Format Version 12.00
# Visual Studio 15
VisualStudioVersion = 15.0.26430.14
MinimumVisualStudioVersion = 10.0.40219.1
Project("{FAE04EC0-301F-11D3-BF4B-00C04F79EFBC}") = "Day01", "Day01\Day01.csproj", "{224BD185-2995-4C01-9989-E541A9D14ADB}"
EndProject
Project("{FAE04EC0-301F-11D3-BF4B-00C04F79EFBC}") = "Day03", "Day03\Day03.csproj", "{60C3F47A-6474-46BC-9D8D-D8C639C2CB25}"
EndProject
Project("{FAE04EC0-301F-11D3-BF4B-00C04F79EFBC}") = "Day02", "Day02\Day02.csproj", "{053C627C-FC93-4A7E-A728-6B8FF88DB498}"
EndProject
Project("{FAE04EC0-301F-11D3-BF4B-00C04F79EFBC}") = "Day04", "Day04\Day04.csproj", "{4A5EEE0B-6E46-4C11-A6D6-E35F20E43797}"
EndProject
Project("{FAE04EC0-301F-11D3-BF4B-00C04F79EFBC}") = "Day05", "Day05\Day05.csproj", "{25ECF543-AA2C-4355-A3C0-95C879638297}"
EndProject
Project("{FAE04EC0-301F-11D3-BF4B-00C04F79EFBC}") = "Day06", "Day06\Day06.csproj", "{60CD8041-309E-4E19-9DB9-E1B436E5B812}"
EndProject
Project("{FAE04EC0-301F-11D3-BF4B-00C04F79EFBC}") = "Day07", "Day07\Day07.csproj", "{2009BB81-69C8-445D-A7A4-DB9679B09B5D}"
EndProject
Project("{FAE04EC0-301F-11D3-BF4B-00C04F79EFBC}") = "Day08", "Day08\Day08.csproj", "{EF69C9A2-4CB8-42EE-94AD-41C213D75764}"
EndProject
Project("{FAE04EC0-301F-11D3-BF4B-00C04F79EFBC}") = "Day09", "Day09\Day09.csproj", "{CD8B5AF0-C204-4B2D-ADFC-D3059074F9AF}"
EndProject
Project("{FAE04EC0-301F-11D3-BF4B-00C04F79EFBC}") = "Day10", "Day10\Day10.csproj", "{F0046846-D255-438C-A3AD-51E640497281}"
EndProject
Project("{FAE04EC0-301F-11D3-BF4B-00C04F79EFBC}") = "Day11", "Day11\Day11.csproj", "{2D02D029-5619-45B6-B686-26B91D051B96}"
EndProject
Project("{FAE04EC0-301F-11D3-BF4B-00C04F79EFBC}") = "Day12", "Day12\Day12.csproj", "{FD526D8A-EA49-45DA-97F5-6908DFD70DD3}"
EndProject
Global
	GlobalSection(SolutionConfigurationPlatforms) = preSolution
		Debug|Any CPU = Debug|Any CPU
		Release|Any CPU = Release|Any CPU
	EndGlobalSection
	GlobalSection(ProjectConfigurationPlatforms) = postSolution
		{224BD185-2995-4C01-9989-E541A9D14ADB}.Debug|Any CPU.ActiveCfg = Debug|Any CPU
		{224BD185-2995-4C01-9989-E541A9D14ADB}.Debug|Any CPU.Build.0 = Debug|Any CPU
		{224BD185-2995-4C01-9989-E541A9D14ADB}.Release|Any CPU.ActiveCfg = Release|Any CPU
		{224BD185-2995-4C01-9989-E541A9D14ADB}.Release|Any CPU.Build.0 = Release|Any CPU
		{60C3F47A-6474-46BC-9D8D-D8C639C2CB25}.Debug|Any CPU.ActiveCfg = Debug|Any CPU
		{60C3F47A-6474-46BC-9D8D-D8C639C2CB25}.Debug|Any CPU.Build.0 = Debug|Any CPU
		{60C3F47A-6474-46BC-9D8D-D8C639C2CB25}.Release|Any CPU.ActiveCfg = Release|Any CPU
		{60C3F47A-6474-46BC-9D8D-D8C639C2CB25}.Release|Any CPU.Build.0 = Release|Any CPU
		{053C627C-FC93-4A7E-A728-6B8FF88DB498}.Debug|Any CPU.ActiveCfg = Debug|Any CPU
		{053C627C-FC93-4A7E-A728-6B8FF88DB498}.Debug|Any CPU.Build.0 = Debug|Any CPU
		{053C627C-FC93-4A7E-A728-6B8FF88DB498}.Release|Any CPU.ActiveCfg = Release|Any CPU
		{053C627C-FC93-4A7E-A728-6B8FF88DB498}.Release|Any CPU.Build.0 = Release|Any CPU
		{4A5EEE0B-6E46-4C11-A6D6-E35F20E43797}.Debug|Any CPU.ActiveCfg = Debug|Any CPU
		{4A5EEE0B-6E46-4C11-A6D6-E35F20E43797}.Debug|Any CPU.Build.0 = Debug|Any CPU
		{4A5EEE0B-6E46-4C11-A6D6-E35F20E43797}.Release|Any CPU.ActiveCfg = Release|Any CPU
		{4A5EEE0B-6E46-4C11-A6D6-E35F20E43797}.Release|Any CPU.Build.0 = Release|Any CPU
		{25ECF543-AA2C-4355-A3C0-95C879638297}.Debug|Any CPU.ActiveCfg = Debug|Any CPU
		{25ECF543-AA2C-4355-A3C0-95C879638297}.Debug|Any CPU.Build.0 = Debug|Any CPU
		{25ECF543-AA2C-4355-A3C0-95C879638297}.Release|Any CPU.ActiveCfg = Release|Any CPU
		{25ECF543-AA2C-4355-A3C0-95C879638297}.Release|Any CPU.Build.0 = Release|Any CPU
		{60CD8041-309E-4E19-9DB9-E1B436E5B812}.Debug|Any CPU.ActiveCfg = Debug|Any CPU
		{60CD8041-309E-4E19-9DB9-E1B436E5B812}.Debug|Any CPU.Build.0 = Debug|Any CPU
		{60CD8041-309E-4E19-9DB9-E1B436E5B812}.Release|Any CPU.ActiveCfg = Release|Any CPU
		{60CD8041-309E-4E19-9DB9-E1B436E5B812}.Release|Any CPU.Build.0 = Release|Any CPU
		{2009BB81-69C8-445D-A7A4-DB9679B09B5D}.Debug|Any CPU.ActiveCfg = Debug|Any CPU
		{2009BB81-69C8-445D-A7A4-DB9679B09B5D}.Debug|Any CPU.Build.0 = Debug|Any CPU
		{2009BB81-69C8-445D-A7A4-DB9679B09B5D}.Release|Any CPU.ActiveCfg = Release|Any CPU
		{2009BB81-69C8-445D-A7A4-DB9679B09B5D}.Release|Any CPU.Build.0 = Release|Any CPU
		{EF69C9A2-4CB8-42EE-94AD-41C213D75764}.Debug|Any CPU.ActiveCfg = Debug|Any CPU
		{EF69C9A2-4CB8-42EE-94AD-41C213D75764}.Debug|Any CPU.Build.0 = Debug|Any CPU
		{EF69C9A2-4CB8-42EE-94AD-41C213D75764}.Release|Any CPU.ActiveCfg = Release|Any CPU
		{EF69C9A2-4CB8-42EE-94AD-41C213D75764}.Release|Any CPU.Build.0 = Release|Any CPU
		{CD8B5AF0-C204-4B2D-ADFC-D3059074F9AF}.Debug|Any CPU.ActiveCfg = Debug|Any CPU
		{CD8B5AF0-C204-4B2D-ADFC-D3059074F9AF}.Debug|Any CPU.Build.0 = Debug|Any CPU
		{CD8B5AF0-C204-4B2D-ADFC-D3059074F9AF}.Release|Any CPU.ActiveCfg = Release|Any CPU
		{CD8B5AF0-C204-4B2D-ADFC-D3059074F9AF}.Release|Any CPU.Build.0 = Release|Any CPU
		{F0046846-D255-438C-A3AD-51E640497281}.Debug|Any CPU.ActiveCfg = Debug|Any CPU
		{F0046846-D255-438C-A3AD-51E640497281}.Debug|Any CPU.Build.0 = Debug|Any CPU
		{F0046846-D255-438C-A3AD-51E640497281}.Release|Any CPU.ActiveCfg = Release|Any CPU
		{F0046846-D255-438C-A3AD-51E640497281}.Release|Any CPU.Build.0 = Release|Any CPU
		{2D02D029-5619-45B6-B686-26B91D051B96}.Debug|Any CPU.ActiveCfg = Debug|Any CPU
		{2D02D029-5619-45B6-B686-26B91D051B96}.Debug|Any CPU.Build.0 = Debug|Any CPU
		{2D02D029-5619-45B6-B686-26B91D051B96}.Release|Any CPU.ActiveCfg = Release|Any CPU
		{2D02D029-5619-45B6-B686-26B91D051B96}.Release|Any CPU.Build.0 = Release|Any CPU
		{FD526D8A-EA49-45DA-97F5-6908DFD70DD3}.Debug|Any CPU.ActiveCfg = Debug|Any CPU
		{FD526D8A-EA49-45DA-97F5-6908DFD70DD3}.Debug|Any CPU.Build.0 = Debug|Any CPU
		{FD526D8A-EA49-45DA-97F5-6908DFD70DD3}.Release|Any CPU.ActiveCfg = Release|Any CPU
		{FD526D8A-EA49-45DA-97F5-6908DFD70DD3}.Release|Any CPU.Build.0 = Release|Any CPU
	EndGlobalSection
	GlobalSection(SolutionProperties) = preSolution
		HideSolutionNode = FALSE
	EndGlobalSection
EndGlobal
